
Microsoft Visual Studio Solution File, Format Version 12.00
# Visual Studio 14
VisualStudioVersion = 14.0.23107.0
MinimumVisualStudioVersion = 10.0.40219.1
Project("{FAE04EC0-301F-11D3-BF4B-00C04F79EFBC}") = "NiL.JS.Portable", "NiL.JS.Portable\NiL.JS.Portable.csproj", "{DEB5F360-2822-4852-95A3-964E37C802AF}"
EndProject
Project("{FAE04EC0-301F-11D3-BF4B-00C04F79EFBC}") = "portable.test", "portable.test\portable.test.csproj", "{BF35910B-BE6F-4996-A60F-042FA57C2EE4}"
EndProject
Project("{FAE04EC0-301F-11D3-BF4B-00C04F79EFBC}") = "Portable.Test.Phone", "Portable.Test.Phone\Portable.Test.Phone.csproj", "{2D0B76DE-95A0-4263-A35D-5856F04F17BA}"
EndProject
Project("{2150E333-8FDC-42A3-9474-1A3956D46DE8}") = "Portable.Test.Phone", "Portable.Test.Phone", "{C322C418-CD10-41FB-9EAA-0252A6983998}"
EndProject
Project("{D954291E-2A0B-460D-934E-DC6B0785DB48}") = "Portable.Test.Phone.Shared", "Portable.Test.Phone.Shared\Portable.Test.Phone.Shared.shproj", "{A328F988-22A0-4079-8E9E-55DC4B455D7C}"
EndProject
Project("{FAE04EC0-301F-11D3-BF4B-00C04F79EFBC}") = "Portable.Test.Phone.Windows", "Portable.Test.Phone.Windows\Portable.Test.Phone.Windows.csproj", "{7B364226-6B38-4BD9-A2D5-C9CA80F53248}"
EndProject
Global
	GlobalSection(SharedMSBuildProjectFiles) = preSolution
		Portable.Test.Phone.Shared\Portable.Test.Phone.Shared.projitems*{a328f988-22a0-4079-8e9e-55dc4b455d7c}*SharedItemsImports = 13
		Portable.Test.Phone.Shared\Portable.Test.Phone.Shared.projitems*{7b364226-6b38-4bd9-a2d5-c9ca80f53248}*SharedItemsImports = 4
	EndGlobalSection
	GlobalSection(SolutionConfigurationPlatforms) = preSolution
		Debug|Any CPU = Debug|Any CPU
		Debug|ARM = Debug|ARM
		Debug|x64 = Debug|x64
		Debug|x86 = Debug|x86
		Release|Any CPU = Release|Any CPU
		Release|ARM = Release|ARM
		Release|x64 = Release|x64
		Release|x86 = Release|x86
	EndGlobalSection
	GlobalSection(ProjectConfigurationPlatforms) = postSolution
		{DEB5F360-2822-4852-95A3-964E37C802AF}.Debug|Any CPU.ActiveCfg = Debug|Any CPU
		{DEB5F360-2822-4852-95A3-964E37C802AF}.Debug|Any CPU.Build.0 = Debug|Any CPU
		{DEB5F360-2822-4852-95A3-964E37C802AF}.Debug|ARM.ActiveCfg = Debug|Any CPU
		{DEB5F360-2822-4852-95A3-964E37C802AF}.Debug|x64.ActiveCfg = Debug|Any CPU
		{DEB5F360-2822-4852-95A3-964E37C802AF}.Debug|x86.ActiveCfg = Debug|Any CPU
		{DEB5F360-2822-4852-95A3-964E37C802AF}.Release|Any CPU.ActiveCfg = Release|Any CPU
		{DEB5F360-2822-4852-95A3-964E37C802AF}.Release|Any CPU.Build.0 = Release|Any CPU
		{DEB5F360-2822-4852-95A3-964E37C802AF}.Release|ARM.ActiveCfg = Release|Any CPU
		{DEB5F360-2822-4852-95A3-964E37C802AF}.Release|x64.ActiveCfg = Release|Any CPU
		{DEB5F360-2822-4852-95A3-964E37C802AF}.Release|x86.ActiveCfg = Release|Any CPU
		{BF35910B-BE6F-4996-A60F-042FA57C2EE4}.Debug|Any CPU.ActiveCfg = Debug|Any CPU
		{BF35910B-BE6F-4996-A60F-042FA57C2EE4}.Debug|Any CPU.Build.0 = Debug|Any CPU
		{BF35910B-BE6F-4996-A60F-042FA57C2EE4}.Debug|ARM.ActiveCfg = Debug|Any CPU
		{BF35910B-BE6F-4996-A60F-042FA57C2EE4}.Debug|x64.ActiveCfg = Debug|Any CPU
		{BF35910B-BE6F-4996-A60F-042FA57C2EE4}.Debug|x86.ActiveCfg = Debug|x86
		{BF35910B-BE6F-4996-A60F-042FA57C2EE4}.Debug|x86.Build.0 = Debug|x86
		{BF35910B-BE6F-4996-A60F-042FA57C2EE4}.Release|Any CPU.ActiveCfg = Release|Any CPU
		{BF35910B-BE6F-4996-A60F-042FA57C2EE4}.Release|Any CPU.Build.0 = Release|Any CPU
		{BF35910B-BE6F-4996-A60F-042FA57C2EE4}.Release|ARM.ActiveCfg = Release|Any CPU
		{BF35910B-BE6F-4996-A60F-042FA57C2EE4}.Release|x64.ActiveCfg = Release|Any CPU
		{BF35910B-BE6F-4996-A60F-042FA57C2EE4}.Release|x86.ActiveCfg = Release|x86
		{BF35910B-BE6F-4996-A60F-042FA57C2EE4}.Release|x86.Build.0 = Release|x86
		{2D0B76DE-95A0-4263-A35D-5856F04F17BA}.Debug|Any CPU.ActiveCfg = Debug|Any CPU
		{2D0B76DE-95A0-4263-A35D-5856F04F17BA}.Debug|Any CPU.Build.0 = Debug|Any CPU
		{2D0B76DE-95A0-4263-A35D-5856F04F17BA}.Debug|Any CPU.Deploy.0 = Debug|Any CPU
		{2D0B76DE-95A0-4263-A35D-5856F04F17BA}.Debug|ARM.ActiveCfg = Debug|ARM
		{2D0B76DE-95A0-4263-A35D-5856F04F17BA}.Debug|ARM.Build.0 = Debug|ARM
		{2D0B76DE-95A0-4263-A35D-5856F04F17BA}.Debug|ARM.Deploy.0 = Debug|ARM
		{2D0B76DE-95A0-4263-A35D-5856F04F17BA}.Debug|x64.ActiveCfg = Debug|Any CPU
		{2D0B76DE-95A0-4263-A35D-5856F04F17BA}.Debug|x86.ActiveCfg = Debug|x86
		{2D0B76DE-95A0-4263-A35D-5856F04F17BA}.Debug|x86.Build.0 = Debug|x86
		{2D0B76DE-95A0-4263-A35D-5856F04F17BA}.Debug|x86.Deploy.0 = Debug|x86
		{2D0B76DE-95A0-4263-A35D-5856F04F17BA}.Release|Any CPU.ActiveCfg = Release|Any CPU
		{2D0B76DE-95A0-4263-A35D-5856F04F17BA}.Release|Any CPU.Build.0 = Release|Any CPU
		{2D0B76DE-95A0-4263-A35D-5856F04F17BA}.Release|Any CPU.Deploy.0 = Release|Any CPU
		{2D0B76DE-95A0-4263-A35D-5856F04F17BA}.Release|ARM.ActiveCfg = Release|ARM
		{2D0B76DE-95A0-4263-A35D-5856F04F17BA}.Release|ARM.Build.0 = Release|ARM
		{2D0B76DE-95A0-4263-A35D-5856F04F17BA}.Release|ARM.Deploy.0 = Release|ARM
		{2D0B76DE-95A0-4263-A35D-5856F04F17BA}.Release|x64.ActiveCfg = Release|Any CPU
		{2D0B76DE-95A0-4263-A35D-5856F04F17BA}.Release|x86.ActiveCfg = Release|x86
		{2D0B76DE-95A0-4263-A35D-5856F04F17BA}.Release|x86.Build.0 = Release|x86
		{2D0B76DE-95A0-4263-A35D-5856F04F17BA}.Release|x86.Deploy.0 = Release|x86
		{7B364226-6B38-4BD9-A2D5-C9CA80F53248}.Debug|Any CPU.ActiveCfg = Debug|Any CPU
		{7B364226-6B38-4BD9-A2D5-C9CA80F53248}.Debug|Any CPU.Build.0 = Debug|Any CPU
		{7B364226-6B38-4BD9-A2D5-C9CA80F53248}.Debug|Any CPU.Deploy.0 = Debug|Any CPU
		{7B364226-6B38-4BD9-A2D5-C9CA80F53248}.Debug|ARM.ActiveCfg = Debug|ARM
		{7B364226-6B38-4BD9-A2D5-C9CA80F53248}.Debug|ARM.Build.0 = Debug|ARM
		{7B364226-6B38-4BD9-A2D5-C9CA80F53248}.Debug|ARM.Deploy.0 = Debug|ARM
		{7B364226-6B38-4BD9-A2D5-C9CA80F53248}.Debug|x64.ActiveCfg = Debug|x64
		{7B364226-6B38-4BD9-A2D5-C9CA80F53248}.Debug|x64.Build.0 = Debug|x64
		{7B364226-6B38-4BD9-A2D5-C9CA80F53248}.Debug|x64.Deploy.0 = Debug|x64
		{7B364226-6B38-4BD9-A2D5-C9CA80F53248}.Debug|x86.ActiveCfg = Debug|x86
		{7B364226-6B38-4BD9-A2D5-C9CA80F53248}.Debug|x86.Build.0 = Debug|x86
		{7B364226-6B38-4BD9-A2D5-C9CA80F53248}.Debug|x86.Deploy.0 = Debug|x86
		{7B364226-6B38-4BD9-A2D5-C9CA80F53248}.Release|Any CPU.ActiveCfg = Release|Any CPU
		{7B364226-6B38-4BD9-A2D5-C9CA80F53248}.Release|Any CPU.Build.0 = Release|Any CPU
		{7B364226-6B38-4BD9-A2D5-C9CA80F53248}.Release|Any CPU.Deploy.0 = Release|Any CPU
		{7B364226-6B38-4BD9-A2D5-C9CA80F53248}.Release|ARM.ActiveCfg = Release|ARM
		{7B364226-6B38-4BD9-A2D5-C9CA80F53248}.Release|ARM.Build.0 = Release|ARM
		{7B364226-6B38-4BD9-A2D5-C9CA80F53248}.Release|ARM.Deploy.0 = Release|ARM
		{7B364226-6B38-4BD9-A2D5-C9CA80F53248}.Release|x64.ActiveCfg = Release|x64
		{7B364226-6B38-4BD9-A2D5-C9CA80F53248}.Release|x64.Build.0 = Release|x64
		{7B364226-6B38-4BD9-A2D5-C9CA80F53248}.Release|x64.Deploy.0 = Release|x64
		{7B364226-6B38-4BD9-A2D5-C9CA80F53248}.Release|x86.ActiveCfg = Release|x86
		{7B364226-6B38-4BD9-A2D5-C9CA80F53248}.Release|x86.Build.0 = Release|x86
		{7B364226-6B38-4BD9-A2D5-C9CA80F53248}.Release|x86.Deploy.0 = Release|x86
	EndGlobalSection
	GlobalSection(SolutionProperties) = preSolution
		HideSolutionNode = FALSE
	EndGlobalSection
	GlobalSection(NestedProjects) = preSolution
		{2D0B76DE-95A0-4263-A35D-5856F04F17BA} = {C322C418-CD10-41FB-9EAA-0252A6983998}
		{A328F988-22A0-4079-8E9E-55DC4B455D7C} = {C322C418-CD10-41FB-9EAA-0252A6983998}
		{7B364226-6B38-4BD9-A2D5-C9CA80F53248} = {C322C418-CD10-41FB-9EAA-0252A6983998}
	EndGlobalSection
EndGlobal
