
Microsoft Visual Studio Solution File, Format Version 12.00
# Visual Studio 14
VisualStudioVersion = 14.0.25420.1
MinimumVisualStudioVersion = 10.0.40219.1
Project("{FAE04EC0-301F-11D3-BF4B-00C04F79EFBC}") = "NiL.JS", "NiL.JS\NiL.JS.csproj", "{F703D739-BCFA-4515-A963-C95651CB1EC4}"
EndProject
Project("{FAE04EC0-301F-11D3-BF4B-00C04F79EFBC}") = "TestsDownloader", "TestsDownloader\TestsDownloader.csproj", "{C658ECBC-1632-40A6-A49E-BFFB6CB21FDC}"
EndProject
Project("{2150E333-8FDC-42A3-9474-1A3956D46DE8}") = "Solution Items", "Solution Items", "{882426A0-C05B-45B5-908A-0F0C2D6D6FD6}"
	ProjectSection(SolutionItems) = preProject
		README.md = README.md
	EndProjectSection
EndProject
Project("{FAE04EC0-301F-11D3-BF4B-00C04F79EFBC}") = "NiL.JS.Test", "NiL.JS.Test\NiL.JS.Test.csproj", "{6A330CC6-C974-47FD-95FA-AA0BCFAC4635}"
EndProject
Project("{FAE04EC0-301F-11D3-BF4B-00C04F79EFBC}") = "ClrMapper", "ClrMapper\ClrMapper.csproj", "{646B61ED-5F2F-4983-B92F-42BB87E6339D}"
EndProject
Project("{FAE04EC0-301F-11D3-BF4B-00C04F79EFBC}") = "FunctionalTests", "FunctionalTests\FunctionalTests.csproj", "{D98CB031-9980-4583-8C83-F1A16EAA07C3}"
EndProject
Project("{FAE04EC0-301F-11D3-BF4B-00C04F79EFBC}") = "IntegrationTests", "IntegrationTests\IntegrationTests.csproj", "{0FAB3EFF-60AE-4809-B27C-352A75E2B685}"
EndProject
Global
	GlobalSection(SolutionConfigurationPlatforms) = preSolution
		Debug|Any CPU = Debug|Any CPU
		Debug|x64 = Debug|x64
		Debug|x86 = Debug|x86
		Not optimized Release|Any CPU = Not optimized Release|Any CPU
		Not optimized Release|x64 = Not optimized Release|x64
		Not optimized Release|x86 = Not optimized Release|x86
		Release|Any CPU = Release|Any CPU
		Release|x64 = Release|x64
		Release|x86 = Release|x86
	EndGlobalSection
	GlobalSection(ProjectConfigurationPlatforms) = postSolution
		{F703D739-BCFA-4515-A963-C95651CB1EC4}.Debug|Any CPU.ActiveCfg = Debug|Any CPU
		{F703D739-BCFA-4515-A963-C95651CB1EC4}.Debug|Any CPU.Build.0 = Debug|Any CPU
		{F703D739-BCFA-4515-A963-C95651CB1EC4}.Debug|x64.ActiveCfg = Debug|x64
		{F703D739-BCFA-4515-A963-C95651CB1EC4}.Debug|x64.Build.0 = Debug|x64
		{F703D739-BCFA-4515-A963-C95651CB1EC4}.Debug|x86.ActiveCfg = Debug|x86
		{F703D739-BCFA-4515-A963-C95651CB1EC4}.Debug|x86.Build.0 = Debug|x86
		{F703D739-BCFA-4515-A963-C95651CB1EC4}.Not optimized Release|Any CPU.ActiveCfg = Not optimized Release|Any CPU
		{F703D739-BCFA-4515-A963-C95651CB1EC4}.Not optimized Release|Any CPU.Build.0 = Not optimized Release|Any CPU
		{F703D739-BCFA-4515-A963-C95651CB1EC4}.Not optimized Release|x64.ActiveCfg = Not optimized Release|x64
		{F703D739-BCFA-4515-A963-C95651CB1EC4}.Not optimized Release|x64.Build.0 = Not optimized Release|x64
		{F703D739-BCFA-4515-A963-C95651CB1EC4}.Not optimized Release|x86.ActiveCfg = Not optimized Release|x86
		{F703D739-BCFA-4515-A963-C95651CB1EC4}.Not optimized Release|x86.Build.0 = Not optimized Release|x86
		{F703D739-BCFA-4515-A963-C95651CB1EC4}.Release|Any CPU.ActiveCfg = Release|Any CPU
		{F703D739-BCFA-4515-A963-C95651CB1EC4}.Release|Any CPU.Build.0 = Release|Any CPU
		{F703D739-BCFA-4515-A963-C95651CB1EC4}.Release|x64.ActiveCfg = Release|x64
		{F703D739-BCFA-4515-A963-C95651CB1EC4}.Release|x64.Build.0 = Release|x64
		{F703D739-BCFA-4515-A963-C95651CB1EC4}.Release|x86.ActiveCfg = Release|x86
		{F703D739-BCFA-4515-A963-C95651CB1EC4}.Release|x86.Build.0 = Release|x86
		{C658ECBC-1632-40A6-A49E-BFFB6CB21FDC}.Debug|Any CPU.ActiveCfg = Debug|Any CPU
		{C658ECBC-1632-40A6-A49E-BFFB6CB21FDC}.Debug|Any CPU.Build.0 = Debug|Any CPU
		{C658ECBC-1632-40A6-A49E-BFFB6CB21FDC}.Debug|x64.ActiveCfg = Debug|x64
		{C658ECBC-1632-40A6-A49E-BFFB6CB21FDC}.Debug|x64.Build.0 = Debug|x64
		{C658ECBC-1632-40A6-A49E-BFFB6CB21FDC}.Debug|x86.ActiveCfg = Debug|x86
		{C658ECBC-1632-40A6-A49E-BFFB6CB21FDC}.Debug|x86.Build.0 = Debug|x86
		{C658ECBC-1632-40A6-A49E-BFFB6CB21FDC}.Not optimized Release|Any CPU.ActiveCfg = Not optimized Release|Any CPU
		{C658ECBC-1632-40A6-A49E-BFFB6CB21FDC}.Not optimized Release|Any CPU.Build.0 = Not optimized Release|Any CPU
		{C658ECBC-1632-40A6-A49E-BFFB6CB21FDC}.Not optimized Release|x64.ActiveCfg = Not optimized Release|x64
		{C658ECBC-1632-40A6-A49E-BFFB6CB21FDC}.Not optimized Release|x64.Build.0 = Not optimized Release|x64
		{C658ECBC-1632-40A6-A49E-BFFB6CB21FDC}.Not optimized Release|x86.ActiveCfg = Not optimized Release|x86
		{C658ECBC-1632-40A6-A49E-BFFB6CB21FDC}.Not optimized Release|x86.Build.0 = Not optimized Release|x86
		{C658ECBC-1632-40A6-A49E-BFFB6CB21FDC}.Release|Any CPU.ActiveCfg = Release|Any CPU
		{C658ECBC-1632-40A6-A49E-BFFB6CB21FDC}.Release|Any CPU.Build.0 = Release|Any CPU
		{C658ECBC-1632-40A6-A49E-BFFB6CB21FDC}.Release|x64.ActiveCfg = Release|x64
		{C658ECBC-1632-40A6-A49E-BFFB6CB21FDC}.Release|x64.Build.0 = Release|x64
		{C658ECBC-1632-40A6-A49E-BFFB6CB21FDC}.Release|x86.ActiveCfg = Release|x86
		{C658ECBC-1632-40A6-A49E-BFFB6CB21FDC}.Release|x86.Build.0 = Release|x86
		{6A330CC6-C974-47FD-95FA-AA0BCFAC4635}.Debug|Any CPU.ActiveCfg = Debug|Any CPU
		{6A330CC6-C974-47FD-95FA-AA0BCFAC4635}.Debug|Any CPU.Build.0 = Debug|Any CPU
		{6A330CC6-C974-47FD-95FA-AA0BCFAC4635}.Debug|x64.ActiveCfg = Debug|x64
		{6A330CC6-C974-47FD-95FA-AA0BCFAC4635}.Debug|x64.Build.0 = Debug|x64
		{6A330CC6-C974-47FD-95FA-AA0BCFAC4635}.Debug|x86.ActiveCfg = Debug|x86
		{6A330CC6-C974-47FD-95FA-AA0BCFAC4635}.Debug|x86.Build.0 = Debug|x86
		{6A330CC6-C974-47FD-95FA-AA0BCFAC4635}.Not optimized Release|Any CPU.ActiveCfg = Not optimized Release|Any CPU
		{6A330CC6-C974-47FD-95FA-AA0BCFAC4635}.Not optimized Release|Any CPU.Build.0 = Not optimized Release|Any CPU
		{6A330CC6-C974-47FD-95FA-AA0BCFAC4635}.Not optimized Release|x64.ActiveCfg = Not optimized Release|x64
		{6A330CC6-C974-47FD-95FA-AA0BCFAC4635}.Not optimized Release|x64.Build.0 = Not optimized Release|x64
		{6A330CC6-C974-47FD-95FA-AA0BCFAC4635}.Not optimized Release|x86.ActiveCfg = Not optimized Release|x86
		{6A330CC6-C974-47FD-95FA-AA0BCFAC4635}.Not optimized Release|x86.Build.0 = Not optimized Release|x86
		{6A330CC6-C974-47FD-95FA-AA0BCFAC4635}.Release|Any CPU.ActiveCfg = Release|Any CPU
		{6A330CC6-C974-47FD-95FA-AA0BCFAC4635}.Release|Any CPU.Build.0 = Release|Any CPU
		{6A330CC6-C974-47FD-95FA-AA0BCFAC4635}.Release|x64.ActiveCfg = Release|x64
		{6A330CC6-C974-47FD-95FA-AA0BCFAC4635}.Release|x64.Build.0 = Release|x64
		{6A330CC6-C974-47FD-95FA-AA0BCFAC4635}.Release|x86.ActiveCfg = Release|x86
		{6A330CC6-C974-47FD-95FA-AA0BCFAC4635}.Release|x86.Build.0 = Release|x86
		{646B61ED-5F2F-4983-B92F-42BB87E6339D}.Debug|Any CPU.ActiveCfg = Debug|Any CPU
		{646B61ED-5F2F-4983-B92F-42BB87E6339D}.Debug|Any CPU.Build.0 = Debug|Any CPU
		{646B61ED-5F2F-4983-B92F-42BB87E6339D}.Debug|x64.ActiveCfg = Debug|Any CPU
		{646B61ED-5F2F-4983-B92F-42BB87E6339D}.Debug|x64.Build.0 = Debug|Any CPU
		{646B61ED-5F2F-4983-B92F-42BB87E6339D}.Debug|x86.ActiveCfg = Debug|Any CPU
		{646B61ED-5F2F-4983-B92F-42BB87E6339D}.Debug|x86.Build.0 = Debug|Any CPU
		{646B61ED-5F2F-4983-B92F-42BB87E6339D}.Not optimized Release|Any CPU.ActiveCfg = Release|Any CPU
		{646B61ED-5F2F-4983-B92F-42BB87E6339D}.Not optimized Release|Any CPU.Build.0 = Release|Any CPU
		{646B61ED-5F2F-4983-B92F-42BB87E6339D}.Not optimized Release|x64.ActiveCfg = Release|Any CPU
		{646B61ED-5F2F-4983-B92F-42BB87E6339D}.Not optimized Release|x64.Build.0 = Release|Any CPU
		{646B61ED-5F2F-4983-B92F-42BB87E6339D}.Not optimized Release|x86.ActiveCfg = Release|Any CPU
		{646B61ED-5F2F-4983-B92F-42BB87E6339D}.Not optimized Release|x86.Build.0 = Release|Any CPU
		{646B61ED-5F2F-4983-B92F-42BB87E6339D}.Release|Any CPU.ActiveCfg = Release|Any CPU
		{646B61ED-5F2F-4983-B92F-42BB87E6339D}.Release|Any CPU.Build.0 = Release|Any CPU
		{646B61ED-5F2F-4983-B92F-42BB87E6339D}.Release|x64.ActiveCfg = Release|Any CPU
		{646B61ED-5F2F-4983-B92F-42BB87E6339D}.Release|x64.Build.0 = Release|Any CPU
		{646B61ED-5F2F-4983-B92F-42BB87E6339D}.Release|x86.ActiveCfg = Release|Any CPU
		{646B61ED-5F2F-4983-B92F-42BB87E6339D}.Release|x86.Build.0 = Release|Any CPU
		{D98CB031-9980-4583-8C83-F1A16EAA07C3}.Debug|Any CPU.ActiveCfg = Debug|Any CPU
		{D98CB031-9980-4583-8C83-F1A16EAA07C3}.Debug|Any CPU.Build.0 = Debug|Any CPU
		{D98CB031-9980-4583-8C83-F1A16EAA07C3}.Debug|x64.ActiveCfg = Debug|Any CPU
		{D98CB031-9980-4583-8C83-F1A16EAA07C3}.Debug|x64.Build.0 = Debug|Any CPU
		{D98CB031-9980-4583-8C83-F1A16EAA07C3}.Debug|x86.ActiveCfg = Debug|Any CPU
		{D98CB031-9980-4583-8C83-F1A16EAA07C3}.Debug|x86.Build.0 = Debug|Any CPU
		{D98CB031-9980-4583-8C83-F1A16EAA07C3}.Not optimized Release|Any CPU.ActiveCfg = Release|Any CPU
		{D98CB031-9980-4583-8C83-F1A16EAA07C3}.Not optimized Release|Any CPU.Build.0 = Release|Any CPU
		{D98CB031-9980-4583-8C83-F1A16EAA07C3}.Not optimized Release|x64.ActiveCfg = Release|Any CPU
		{D98CB031-9980-4583-8C83-F1A16EAA07C3}.Not optimized Release|x64.Build.0 = Release|Any CPU
		{D98CB031-9980-4583-8C83-F1A16EAA07C3}.Not optimized Release|x86.ActiveCfg = Release|Any CPU
		{D98CB031-9980-4583-8C83-F1A16EAA07C3}.Not optimized Release|x86.Build.0 = Release|Any CPU
		{D98CB031-9980-4583-8C83-F1A16EAA07C3}.Release|Any CPU.ActiveCfg = Release|Any CPU
		{D98CB031-9980-4583-8C83-F1A16EAA07C3}.Release|Any CPU.Build.0 = Release|Any CPU
		{D98CB031-9980-4583-8C83-F1A16EAA07C3}.Release|x64.ActiveCfg = Release|Any CPU
		{D98CB031-9980-4583-8C83-F1A16EAA07C3}.Release|x64.Build.0 = Release|Any CPU
		{D98CB031-9980-4583-8C83-F1A16EAA07C3}.Release|x86.ActiveCfg = Release|Any CPU
		{D98CB031-9980-4583-8C83-F1A16EAA07C3}.Release|x86.Build.0 = Release|Any CPU
		{0FAB3EFF-60AE-4809-B27C-352A75E2B685}.Debug|Any CPU.ActiveCfg = Debug|Any CPU
		{0FAB3EFF-60AE-4809-B27C-352A75E2B685}.Debug|Any CPU.Build.0 = Debug|Any CPU
		{0FAB3EFF-60AE-4809-B27C-352A75E2B685}.Debug|x64.ActiveCfg = Debug|Any CPU
		{0FAB3EFF-60AE-4809-B27C-352A75E2B685}.Debug|x64.Build.0 = Debug|Any CPU
		{0FAB3EFF-60AE-4809-B27C-352A75E2B685}.Debug|x86.ActiveCfg = Debug|Any CPU
		{0FAB3EFF-60AE-4809-B27C-352A75E2B685}.Debug|x86.Build.0 = Debug|Any CPU
		{0FAB3EFF-60AE-4809-B27C-352A75E2B685}.Not optimized Release|Any CPU.ActiveCfg = Release|Any CPU
		{0FAB3EFF-60AE-4809-B27C-352A75E2B685}.Not optimized Release|Any CPU.Build.0 = Release|Any CPU
		{0FAB3EFF-60AE-4809-B27C-352A75E2B685}.Not optimized Release|x64.ActiveCfg = Release|Any CPU
		{0FAB3EFF-60AE-4809-B27C-352A75E2B685}.Not optimized Release|x64.Build.0 = Release|Any CPU
		{0FAB3EFF-60AE-4809-B27C-352A75E2B685}.Not optimized Release|x86.ActiveCfg = Release|Any CPU
		{0FAB3EFF-60AE-4809-B27C-352A75E2B685}.Not optimized Release|x86.Build.0 = Release|Any CPU
		{0FAB3EFF-60AE-4809-B27C-352A75E2B685}.Release|Any CPU.ActiveCfg = Release|Any CPU
		{0FAB3EFF-60AE-4809-B27C-352A75E2B685}.Release|Any CPU.Build.0 = Release|Any CPU
		{0FAB3EFF-60AE-4809-B27C-352A75E2B685}.Release|x64.ActiveCfg = Release|Any CPU
		{0FAB3EFF-60AE-4809-B27C-352A75E2B685}.Release|x64.Build.0 = Release|Any CPU
		{0FAB3EFF-60AE-4809-B27C-352A75E2B685}.Release|x86.ActiveCfg = Release|Any CPU
		{0FAB3EFF-60AE-4809-B27C-352A75E2B685}.Release|x86.Build.0 = Release|Any CPU
	EndGlobalSection
	GlobalSection(SolutionProperties) = preSolution
		HideSolutionNode = FALSE
	EndGlobalSection
EndGlobal
