
Microsoft Visual Studio Solution File, Format Version 12.00
# Visual Studio 15
VisualStudioVersion = 15.0.26823.1
MinimumVisualStudioVersion = 10.0.40219.1
Project("{9A19103F-16F7-4668-BE54-9A1E7A4F7556}") = "NiL.JS", "NiL.JS\NiL.JS.QM.csproj", "{8060F6E9-B7FC-4859-A796-417FBAD64EA7}"
EndProject
Project("{9A19103F-16F7-4668-BE54-9A1E7A4F7556}") = "NetCoreTestApp", "NetCoreTestApp\NetCoreTestApp.csproj", "{2F434059-2B04-4D10-A9D9-B22CEDD87866}"
EndProject
Project("{FAE04EC0-301F-11D3-BF4B-00C04F79EFBC}") = "FunctionalTests", "FunctionalTests\FunctionalTests.csproj", "{D98CB031-9980-4583-8C83-F1A16EAA07C3}"
EndProject
Project("{FAE04EC0-301F-11D3-BF4B-00C04F79EFBC}") = "IntegrationTests", "IntegrationTests\IntegrationTests.csproj", "{0FAB3EFF-60AE-4809-B27C-352A75E2B685}"
EndProject
Project("{FAE04EC0-301F-11D3-BF4B-00C04F79EFBC}") = "NiL.JS.Test", "NiL.JS.Test\NiL.JS.Test.csproj", "{6A330CC6-C974-47FD-95FA-AA0BCFAC4635}"
EndProject
Project("{2150E333-8FDC-42A3-9474-1A3956D46DE8}") = "Solution Items", "Solution Items", "{4F5E4141-CC0C-4D2D-9BE9-E48DD3C61939}"
ProjectSection(SolutionItems) = preProject
	README.md = README.md
EndProjectSection
EndProject
Global
	GlobalSection(SolutionConfigurationPlatforms) = preSolution
		Debug|Any CPU = Debug|Any CPU
		Release|Any CPU = Release|Any CPU
	EndGlobalSection
	GlobalSection(ProjectConfigurationPlatforms) = postSolution
		{8060F6E9-B7FC-4859-A796-417FBAD64EA7}.Debug|Any CPU.ActiveCfg = Debug|Any CPU
		{8060F6E9-B7FC-4859-A796-417FBAD64EA7}.Debug|Any CPU.Build.0 = Debug|Any CPU
		{8060F6E9-B7FC-4859-A796-417FBAD64EA7}.Release|Any CPU.ActiveCfg = Release|Any CPU
		{8060F6E9-B7FC-4859-A796-417FBAD64EA7}.Release|Any CPU.Build.0 = Release|Any CPU
		{2F434059-2B04-4D10-A9D9-B22CEDD87866}.Debug|Any CPU.ActiveCfg = Debug|Any CPU
		{2F434059-2B04-4D10-A9D9-B22CEDD87866}.Debug|Any CPU.Build.0 = Debug|Any CPU
		{2F434059-2B04-4D10-A9D9-B22CEDD87866}.Release|Any CPU.ActiveCfg = Release|Any CPU
		{2F434059-2B04-4D10-A9D9-B22CEDD87866}.Release|Any CPU.Build.0 = Release|Any CPU
		{D98CB031-9980-4583-8C83-F1A16EAA07C3}.Debug|Any CPU.ActiveCfg = Debug|Any CPU
		{D98CB031-9980-4583-8C83-F1A16EAA07C3}.Debug|Any CPU.Build.0 = Debug|Any CPU
		{D98CB031-9980-4583-8C83-F1A16EAA07C3}.Release|Any CPU.ActiveCfg = Release|Any CPU
		{D98CB031-9980-4583-8C83-F1A16EAA07C3}.Release|Any CPU.Build.0 = Release|Any CPU
		{0FAB3EFF-60AE-4809-B27C-352A75E2B685}.Debug|Any CPU.ActiveCfg = Debug|Any CPU
		{0FAB3EFF-60AE-4809-B27C-352A75E2B685}.Debug|Any CPU.Build.0 = Debug|Any CPU
		{0FAB3EFF-60AE-4809-B27C-352A75E2B685}.Release|Any CPU.ActiveCfg = Release|Any CPU
		{0FAB3EFF-60AE-4809-B27C-352A75E2B685}.Release|Any CPU.Build.0 = Release|Any CPU
		{6A330CC6-C974-47FD-95FA-AA0BCFAC4635}.Debug|Any CPU.ActiveCfg = Debug|Any CPU
		{6A330CC6-C974-47FD-95FA-AA0BCFAC4635}.Debug|Any CPU.Build.0 = Debug|Any CPU
		{6A330CC6-C974-47FD-95FA-AA0BCFAC4635}.Release|Any CPU.ActiveCfg = Release|Any CPU
		{6A330CC6-C974-47FD-95FA-AA0BCFAC4635}.Release|Any CPU.Build.0 = Release|Any CPU
	EndGlobalSection
	GlobalSection(SolutionProperties) = preSolution
		HideSolutionNode = FALSE
	EndGlobalSection
	GlobalSection(NestedProjects) = preSolution
	EndGlobalSection
	GlobalSection(ExtensibilityGlobals) = postSolution
		SolutionGuid = {48BE9C01-84A8-48F6-90FC-C2FF055971B2}
	EndGlobalSection
EndGlobal
