
Microsoft Visual Studio Solution File, Format Version 12.00
# Visual Studio 14
VisualStudioVersion = 14.0.25420.1
MinimumVisualStudioVersion = 10.0.40219.1
Project("{8BB2217D-0F2D-49D1-97BC-3654ED321F3B}") = "NiL.JS.NetCore", "NiL.JS.NetCore\NiL.JS.NetCore.xproj", "{8060F6E9-B7FC-4859-A796-417FBAD64EA7}"
EndProject
Project("{8BB2217D-0F2D-49D1-97BC-3654ED321F3B}") = "NetCoreTestApp", "NetCoreTestApp\NetCoreTestApp.xproj", "{2F434059-2B04-4D10-A9D9-B22CEDD87866}"
EndProject
Global
	GlobalSection(SolutionConfigurationPlatforms) = preSolution
		Debug|Any CPU = Debug|Any CPU
		Release|Any CPU = Release|Any CPU
	EndGlobalSection
	GlobalSection(ProjectConfigurationPlatforms) = postSolution
		{8060F6E9-B7FC-4859-A796-417FBAD64EA7}.Debug|Any CPU.ActiveCfg = Debug|Any CPU
		{8060F6E9-B7FC-4859-A796-417FBAD64EA7}.Debug|Any CPU.Build.0 = Debug|Any CPU
		{8060F6E9-B7FC-4859-A796-417FBAD64EA7}.Release|Any CPU.ActiveCfg = Release|Any CPU
		{8060F6E9-B7FC-4859-A796-417FBAD64EA7}.Release|Any CPU.Build.0 = Release|Any CPU
		{2F434059-2B04-4D10-A9D9-B22CEDD87866}.Debug|Any CPU.ActiveCfg = Debug|Any CPU
		{2F434059-2B04-4D10-A9D9-B22CEDD87866}.Debug|Any CPU.Build.0 = Debug|Any CPU
		{2F434059-2B04-4D10-A9D9-B22CEDD87866}.Release|Any CPU.ActiveCfg = Release|Any CPU
		{2F434059-2B04-4D10-A9D9-B22CEDD87866}.Release|Any CPU.Build.0 = Release|Any CPU
	EndGlobalSection
	GlobalSection(SolutionProperties) = preSolution
		HideSolutionNode = FALSE
	EndGlobalSection
EndGlobal
