
Microsoft Visual Studio Solution File, Format Version 12.00
# Visual Studio Version 16
VisualStudioVersion = 16.0.29519.161
MinimumVisualStudioVersion = 10.0.40219.1
Project("{9A19103F-16F7-4668-BE54-9A1E7A4F7556}") = "FunctionalTests", "FunctionalTests\FunctionalTests.csproj", "{F409F90B-6854-4828-BDE2-A6730B52971B}"
EndProject
Project("{9A19103F-16F7-4668-BE54-9A1E7A4F7556}") = "IntegrationTests", "IntegrationTests\IntegrationTests.csproj", "{6C7CF201-BC67-4694-BECF-9EA24D21894C}"
EndProject
Project("{9A19103F-16F7-4668-BE54-9A1E7A4F7556}") = "NiL.JS", "NiL.JS\NiL.JS.csproj", "{41728F9C-38CD-4208-82E7-0125130D9B28}"
EndProject
Global
	GlobalSection(SolutionConfigurationPlatforms) = preSolution
		Debug|Any CPU = Debug|Any CPU
		Release|Any CPU = Release|Any CPU
	EndGlobalSection
	GlobalSection(ProjectConfigurationPlatforms) = postSolution
		{F409F90B-6854-4828-BDE2-A6730B52971B}.Debug|Any CPU.ActiveCfg = Debug|Any CPU
		{F409F90B-6854-4828-BDE2-A6730B52971B}.Debug|Any CPU.Build.0 = Debug|Any CPU
		{F409F90B-6854-4828-BDE2-A6730B52971B}.Release|Any CPU.ActiveCfg = Release|Any CPU
		{F409F90B-6854-4828-BDE2-A6730B52971B}.Release|Any CPU.Build.0 = Release|Any CPU
		{6C7CF201-BC67-4694-BECF-9EA24D21894C}.Debug|Any CPU.ActiveCfg = Debug|Any CPU
		{6C7CF201-BC67-4694-BECF-9EA24D21894C}.Debug|Any CPU.Build.0 = Debug|Any CPU
		{6C7CF201-BC67-4694-BECF-9EA24D21894C}.Release|Any CPU.ActiveCfg = Release|Any CPU
		{6C7CF201-BC67-4694-BECF-9EA24D21894C}.Release|Any CPU.Build.0 = Release|Any CPU
		{41728F9C-38CD-4208-82E7-0125130D9B28}.Debug|Any CPU.ActiveCfg = Debug|Any CPU
		{41728F9C-38CD-4208-82E7-0125130D9B28}.Debug|Any CPU.Build.0 = Debug|Any CPU
		{41728F9C-38CD-4208-82E7-0125130D9B28}.Release|Any CPU.ActiveCfg = Release|Any CPU
		{41728F9C-38CD-4208-82E7-0125130D9B28}.Release|Any CPU.Build.0 = Release|Any CPU
	EndGlobalSection
	GlobalSection(SolutionProperties) = preSolution
		HideSolutionNode = FALSE
	EndGlobalSection
	GlobalSection(ExtensibilityGlobals) = postSolution
		SolutionGuid = {76C9CC34-BCEB-4380-86F3-230DA9762454}
	EndGlobalSection
EndGlobal
